lockfileVersion: '6.0'

settings:
  autoInstallPeers: true
  excludeLinksFromLockfile: false

dependencies:
  typescript:
    specifier: 4.6.2-insiders.20220225
    version: 4.6.2-insiders.20220225
  zod:
    specifier: ^3.21.1
    version: 3.21.4

packages:

  /typescript@4.6.2-insiders.20220225:
    resolution: {integrity: sha512-ugJR+CenSK8o6vFvguSinjCICseeJ/wlo/VqEFyB8mHWrgt01VRIA5Y9GSwUOQ4WuohBBAmx739cWCdBiztR8w==}
    engines: {node: '>=4.2.0'}
    hasBin: true
    dev: false

  /zod@3.21.4:
    resolution: {integrity: sha512-m46AKbrzKVzOzs/DZgVnG5H55N1sv1M8qZU3A8RIKbs3mrACDNeIOeilDymVb2HdmP8uwshOCF4uJ8uM9rCqJw==}
    dev: false
