lockfileVersion: '6.0'

settings:
  autoInstallPeers: true
  excludeLinksFromLockfile: false

dependencies:
  typescript:
    specifier: 4.6.2-insiders.20220225
    version: 4.6.2-insiders.20220225
  zod:
    specifier: ^3.21.1
    version: 3.21.1

packages:

  /typescript@4.6.2-insiders.20220225:
    resolution: {integrity: sha512-ugJR+CenSK8o6vFvguSinjCICseeJ/wlo/VqEFyB8mHWrgt01VRIA5Y9GSwUOQ4WuohBBAmx739cWCdBiztR8w==}
    engines: {node: '>=4.2.0'}
    hasBin: true
    dev: false

  /zod@3.21.1:
    resolution: {integrity: sha512-+dTu2m6gmCbO9Ahm4ZBDapx2O6ZY9QSPXst2WXjcznPMwf2YNpn3RevLx4KkZp1OPW/ouFcoBtBzFz/LeY69oA==}
    dev: false
