lockfileVersion: '6.0'

settings:
  autoInstallPeers: true
  excludeLinksFromLockfile: false

dependencies:
  '@elysiajs/cors':
    specifier: ^0.6.0
    version: 0.6.0(elysia@0.6.11)
  '@elysiajs/jwt':
    specifier: ^0.6.3
    version: 0.6.3(elysia@0.6.11)
  '@elysiajs/trpc':
    specifier: ^0.6.1
    version: 0.6.1(elysia@0.6.11)
  '@elysiajs/websocket':
    specifier: ^0.2.8
    version: 0.2.8(elysia@0.6.11)
  '@prisma/client':
    specifier: ^5.1.1
    version: 5.1.1(prisma@5.1.1)
  '@trpc/server':
    specifier: ^10.37.1
    version: 10.37.1
  elysia:
    specifier: ^0.6.11
    version: 0.6.11
  jose:
    specifier: ^4.14.4
    version: 4.14.4
  prisma-extension-pagination:
    specifier: ^0.4.2
    version: 0.4.2(@prisma/client@5.1.1)
  redis:
    specifier: ^4.6.7
    version: 4.6.7
  zod:
    specifier: 3.21.1
    version: 3.21.1
  zod-prisma-types:
    specifier: ^2.7.9
    version: 2.7.9

devDependencies:
  bun-types:
    specifier: ^0.7.3
    version: 0.7.3
  prisma:
    specifier: ^5.1.1
    version: 5.1.1

packages:

  /@elysiajs/cors@0.6.0(elysia@0.6.11):
    resolution: {integrity: sha512-TpkdYRVDLJYn9XHwO3eFu1GG1/p1xZMcujU354N0YG5pbFNy5kSeKFDZRMoh14fPvkRN7tWgRpsZfuCs15IHKA==}
    peerDependencies:
      elysia: '>= 0.5.12'
    dependencies:
      elysia: 0.6.11
    dev: false

  /@elysiajs/jwt@0.6.3(elysia@0.6.11):
    resolution: {integrity: sha512-6PNFwkVTBEwQhw5XSpQrQNc0osoe29MqBW7qBg3CjE9nqRR8US8b/SSomO/d405dqDbJuDSkpO69A85Lvu19cQ==}
    peerDependencies:
      elysia: '>= 0.6.0'
    dependencies:
      elysia: 0.6.11
      jose: 4.14.4
    dev: false

  /@elysiajs/trpc@0.6.1(elysia@0.6.11):
    resolution: {integrity: sha512-G63pE7YGYC6DZKq43rJB/2vpfkF5ebSDRDGghODcD6zZIizGQPtzynxRwkOUWcbw0JqjiGq9AH9w9wJ/aOqcrw==}
    peerDependencies:
      elysia: '>= 0.6.0'
    dependencies:
      elysia: 0.6.11
    dev: false

  /@elysiajs/websocket@0.2.8(elysia@0.6.11):
    resolution: {integrity: sha512-K9KLmYL1SYuAV353GvmK0V9DG5w7XTOGsa1H1dGB5BUTzvBaMvnwNeqnJQ3cjf9V1c0EjQds0Ty4LfUFvV45jw==}
    peerDependencies:
      elysia: '>= 0.2.2'
    dependencies:
      elysia: 0.6.11
      nanoid: 4.0.2
      raikiri: 0.0.0-beta.8
    dev: false

  /@prisma/client@5.1.1(prisma@5.1.1):
    resolution: {integrity: sha512-fxcCeK5pMQGcgCqCrWsi+I2rpIbk0rAhdrN+ke7f34tIrgPwA68ensrpin+9+fZvuV2OtzHmuipwduSY6HswdA==}
    engines: {node: '>=16.13'}
    requiresBuild: true
    peerDependencies:
      prisma: '*'
    peerDependenciesMeta:
      prisma:
        optional: true
    dependencies:
      '@prisma/engines-version': 5.1.1-1.6a3747c37ff169c90047725a05a6ef02e32ac97e
      prisma: 5.1.1
    dev: false

  /@prisma/debug@5.2.0:
    resolution: {integrity: sha512-dOrNOA8B65l3dCp2r3gn5A5dbMXNbEixO3JAaMWiS2q03qMU3/R9oNv86H2c1i3GSwQglH5gjwpkA9olp/+h1A==}
    dependencies:
      '@types/debug': 4.1.8
      debug: 4.3.4
      strip-ansi: 6.0.1
    transitivePeerDependencies:
      - supports-color
    dev: false

  /@prisma/engines-version@5.1.1-1.6a3747c37ff169c90047725a05a6ef02e32ac97e:
    resolution: {integrity: sha512-owZqbY/wucbr65bXJ/ljrHPgQU5xXTSkmcE/JcbqE1kusuAXV/TLN3/exmz21SZ5rJ7WDkyk70J2G/n68iogbQ==}
    dev: false

  /@prisma/engines@5.1.1:
    resolution: {integrity: sha512-NV/4nVNWFZSJCCIA3HIFJbbDKO/NARc9ej0tX5S9k2EVbkrFJC4Xt9b0u4rNZWL4V+F5LAjvta8vzEUw0rw+HA==}
    requiresBuild: true

  /@prisma/generator-helper@5.2.0:
    resolution: {integrity: sha512-jju+nGe8IgwDhs412sx6PSk5efkuoBqHOJSqbRBb9Y/fMfeDRGLVdwia8Hj+PKmd/YXrqFgBd4NDeFxeCcVVqw==}
    dependencies:
      '@prisma/debug': 5.2.0
      '@types/cross-spawn': 6.0.2
      cross-spawn: 7.0.3
      kleur: 4.1.5
    transitivePeerDependencies:
      - supports-color
    dev: false

  /@redis/bloom@1.2.0(@redis/client@1.5.8):
    resolution: {integrity: sha512-HG2DFjYKbpNmVXsa0keLHp/3leGJz1mjh09f2RLGGLQZzSHpkmZWuwJbAvo3QcRY8p80m5+ZdXZdYOSBLlp7Cg==}
    peerDependencies:
      '@redis/client': ^1.0.0
    dependencies:
      '@redis/client': 1.5.8
    dev: false

  /@redis/client@1.5.8:
    resolution: {integrity: sha512-xzElwHIO6rBAqzPeVnCzgvrnBEcFL1P0w8P65VNLRkdVW8rOE58f52hdj0BDgmsdOm4f1EoXPZtH4Fh7M/qUpw==}
    engines: {node: '>=14'}
    dependencies:
      cluster-key-slot: 1.1.2
      generic-pool: 3.9.0
      yallist: 4.0.0
    dev: false

  /@redis/graph@1.1.0(@redis/client@1.5.8):
    resolution: {integrity: sha512-16yZWngxyXPd+MJxeSr0dqh2AIOi8j9yXKcKCwVaKDbH3HTuETpDVPcLujhFYVPtYrngSco31BUcSa9TH31Gqg==}
    peerDependencies:
      '@redis/client': ^1.0.0
    dependencies:
      '@redis/client': 1.5.8
    dev: false

  /@redis/json@1.0.4(@redis/client@1.5.8):
    resolution: {integrity: sha512-LUZE2Gdrhg0Rx7AN+cZkb1e6HjoSKaeeW8rYnt89Tly13GBI5eP4CwDVr+MY8BAYfCg4/N15OUrtLoona9uSgw==}
    peerDependencies:
      '@redis/client': ^1.0.0
    dependencies:
      '@redis/client': 1.5.8
    dev: false

  /@redis/search@1.1.3(@redis/client@1.5.8):
    resolution: {integrity: sha512-4Dg1JjvCevdiCBTZqjhKkGoC5/BcB7k9j99kdMnaXFXg8x4eyOIVg9487CMv7/BUVkFLZCaIh8ead9mU15DNng==}
    peerDependencies:
      '@redis/client': ^1.0.0
    dependencies:
      '@redis/client': 1.5.8
    dev: false

  /@redis/time-series@1.0.4(@redis/client@1.5.8):
    resolution: {integrity: sha512-ThUIgo2U/g7cCuZavucQTQzA9g9JbDDY2f64u3AbAoz/8vE2lt2U37LamDUVChhaDA3IRT9R6VvJwqnUfTJzng==}
    peerDependencies:
      '@redis/client': ^1.0.0
    dependencies:
      '@redis/client': 1.5.8
    dev: false

  /@trpc/server@10.37.1:
    resolution: {integrity: sha512-r3VeA319/braYMBIzj+XLgLKQ9lJSVglvPvP9HUv4kr5w6Y5grQMxMcExhTiZWltE9bnSJHKtBBzHafOo7KC8A==}
    dev: false

  /@types/cross-spawn@6.0.2:
    resolution: {integrity: sha512-KuwNhp3eza+Rhu8IFI5HUXRP0LIhqH5cAjubUvGXXthh4YYBuP2ntwEX+Cz8GJoZUHlKo247wPWOfA9LYEq4cw==}
    dependencies:
      '@types/node': 20.5.6
    dev: false

  /@types/debug@4.1.8:
    resolution: {integrity: sha512-/vPO1EPOs306Cvhwv7KfVfYvOJqA/S/AXjaHQiJboCZzcNDb+TIJFN9/2C9DZ//ijSKWioNyUxD792QmDJ+HKQ==}
    dependencies:
      '@types/ms': 0.7.31
    dev: false

  /@types/ms@0.7.31:
    resolution: {integrity: sha512-iiUgKzV9AuaEkZqkOLDIvlQiL6ltuZd9tGcW3gwpnX8JbuiuhFlEGmmFXEXkN50Cvq7Os88IY2v0dkDqXYWVgA==}
    dev: false

  /@types/node@20.5.6:
    resolution: {integrity: sha512-Gi5wRGPbbyOTX+4Y2iULQ27oUPrefaB0PxGQJnfyWN3kvEDGM3mIB5M/gQLmitZf7A9FmLeaqxD3L1CXpm3VKQ==}
    dev: false

  /ansi-regex@5.0.1:
    resolution: {integrity: sha512-quJQXlTSUGL2LH9SUXo8VwsY4soanhgo6LNSm84E1LBcE8s3O0wpdiRzyR9z/ZZJMlMWv37qOOb9pdJlMUEKFQ==}
    engines: {node: '>=8'}
    dev: false

  /bun-types@0.7.3:
    resolution: {integrity: sha512-kssLD5mDLoawmLZFgQRRq0Wy+dca/os6TZ0MHWyFVoVAEwSrpAxmNCZ1K1GUelfhlDaL2FikRxeF9GkATdzXZg==}
    dev: true

  /cluster-key-slot@1.1.2:
    resolution: {integrity: sha512-RMr0FhtfXemyinomL4hrWcYJxmX6deFdCxpJzhDttxgO1+bcCnkk+9drydLVDmAMG7NE6aN/fl4F7ucU/90gAA==}
    engines: {node: '>=0.10.0'}
    dev: false

  /code-block-writer@12.0.0:
    resolution: {integrity: sha512-q4dMFMlXtKR3XNBHyMHt/3pwYNA69EDk00lloMOaaUMKPUXBw6lpXtbu3MMVG6/uOihGnRDOlkyqsONEUj60+w==}
    dev: false

  /cross-spawn@7.0.3:
    resolution: {integrity: sha512-iRDPJKUPVEND7dHPO8rkbOnPpyDygcDFtWjpeWNCgy8WP2rXcxXL8TskReQl6OrB2G7+UJrags1q15Fudc7G6w==}
    engines: {node: '>= 8'}
    dependencies:
      path-key: 3.1.1
      shebang-command: 2.0.0
      which: 2.0.2
    dev: false

  /debug@4.3.4:
    resolution: {integrity: sha512-PRWFHuSU3eDtQJPvnNY7Jcket1j0t5OuOsFzPPzsekD52Zl8qUfFIPEiswXqIvHWGVHOgX+7G/vCNNhehwxfkQ==}
    engines: {node: '>=6.0'}
    peerDependencies:
      supports-color: '*'
    peerDependenciesMeta:
      supports-color:
        optional: true
    dependencies:
      ms: 2.1.2
    dev: false

  /elysia@0.6.11:
    resolution: {integrity: sha512-TxBTw5WfMWjIAEHfC4Taw3/EmiaYqxeHGnrFDGvjPO/byEo89UBFfclTMoBoDiQT4vwQTQ/bDKngIns9oEyr8g==}
    peerDependencies:
      '@elysiajs/fn': '*'
      '@sinclair/typebox': '>= 0.28.10'
      openapi-types: '>= 12.0.0'
      typescript: '>= 5.0.0'
    peerDependenciesMeta:
      '@elysiajs/fn':
        optional: true
      '@sinclair/typebox':
        optional: true
      openapi-types:
        optional: true
      typescript:
        optional: true
    dependencies:
      fast-querystring: 1.1.2
      memoirist: 0.1.4
    dev: false

  /fast-decode-uri-component@1.0.1:
    resolution: {integrity: sha512-WKgKWg5eUxvRZGwW8FvfbaH7AXSh2cL+3j5fMGzUMCxWBJ3dV3a7Wz8y2f/uQ0e3B6WmodD3oS54jTQ9HVTIIg==}
    dev: false

  /fast-querystring@1.1.2:
    resolution: {integrity: sha512-g6KuKWmFXc0fID8WWH0jit4g0AGBoJhCkJMb1RmbsSEUNvQ+ZC8D6CUZ+GtF8nMzSPXnhiePyyqqipzNNEnHjg==}
    dependencies:
      fast-decode-uri-component: 1.0.1
    dev: false

  /generic-pool@3.9.0:
    resolution: {integrity: sha512-hymDOu5B53XvN4QT9dBmZxPX4CWhBPPLguTZ9MMFeFa/Kg0xWVfylOVNlJji/E7yTZWFd/q9GO5TxDLq156D7g==}
    engines: {node: '>= 4'}
    dev: false

  /isexe@2.0.0:
    resolution: {integrity: sha512-RHxMLp9lnKHGHRng9QFhRCMbYAcVpn69smSGcq3f36xjgVVWThj4qqLbTLlq7Ssj8B+fIQ1EuCEGI2lKsyQeIw==}
    dev: false

  /jose@4.14.4:
    resolution: {integrity: sha512-j8GhLiKmUAh+dsFXlX1aJCbt5KMibuKb+d7j1JaOJG6s2UjX1PQlW+OKB/sD4a/5ZYF4RcmYmLSndOoU3Lt/3g==}
    dev: false

  /kleur@4.1.5:
    resolution: {integrity: sha512-o+NO+8WrRiQEE4/7nwRJhN1HWpVmJm511pBHUxPLtp0BUISzlBplORYSmTclCnJvQq2tKu/sgl3xVpkc7ZWuQQ==}
    engines: {node: '>=6'}
    dev: false

  /lodash@4.17.21:
    resolution: {integrity: sha512-v2kDEe57lecTulaDIuNTPy3Ry4gLGJ6Z1O3vE1krgXZNrsQ+LFTGHVxVjcXPs17LhbZVGedAJv8XZ1tvj5FvSg==}
    dev: false

  /memoirist@0.1.4:
    resolution: {integrity: sha512-D6GbPSqO2nUVOmm7VZjJc5tC60pkOVUPzLwkKl1vCiYP+2b1cG8N9q1O3P0JmNM68u8vsgefPbxRUCSGxSXD+g==}
    dev: false

  /ms@2.1.2:
    resolution: {integrity: sha512-sGkPx+VjMtmA6MX27oA4FBFELFCZZ4S4XqeGOXCv68tT+jb3vk/RyaKWP0PTKyWtmLSM0b+adUTEvbs1PEaH2w==}
    dev: false

  /nanoid@4.0.2:
    resolution: {integrity: sha512-7ZtY5KTCNheRGfEFxnedV5zFiORN1+Y1N6zvPTnHQd8ENUvfaDBeuJDZb2bN/oXwXxu3qkTXDzy57W5vAmDTBw==}
    engines: {node: ^14 || ^16 || >=18}
    hasBin: true
    dev: false

  /path-key@3.1.1:
    resolution: {integrity: sha512-ojmeN0qd+y0jszEtoY48r0Peq5dwMEkIlCOu6Q5f41lfkswXuKtYrhgoTpLnyIcHm24Uhqx+5Tqm2InSwLhE6Q==}
    engines: {node: '>=8'}
    dev: false

  /prisma-extension-pagination@0.4.2(@prisma/client@5.1.1):
    resolution: {integrity: sha512-8sNDhz17CN4riQxAyu0VPg/CmXR5vaNWz2oiqlBwuPFbZ4fO+ZkxRyfS9y6+tCSUsPbiVCZ4q0GcaLUJH5dQ9Q==}
    peerDependencies:
      '@prisma/client': ^4.9.0 || ^5.0.0
    dependencies:
      '@prisma/client': 5.1.1(prisma@5.1.1)
    dev: false

  /prisma@5.1.1:
    resolution: {integrity: sha512-WJFG/U7sMmcc6TjJTTifTfpI6Wjoh55xl4AzopVwAdyK68L9/ogNo8QQ2cxuUjJf/Wa82z/uhyh3wMzvRIBphg==}
    engines: {node: '>=16.13'}
    hasBin: true
    requiresBuild: true
    dependencies:
      '@prisma/engines': 5.1.1

  /raikiri@0.0.0-beta.8:
    resolution: {integrity: sha512-cH/yfvkiGkN8IBB2MkRHikpPurTnd2sMkQ/xtGpXrp3O76P4ppcWPb+86mJaBDzKaclLnSX+9NnT79D7ifH4/w==}
    dev: false

  /redis@4.6.7:
    resolution: {integrity: sha512-KrkuNJNpCwRm5vFJh0tteMxW8SaUzkm5fBH7eL5hd/D0fAkzvapxbfGPP/r+4JAXdQuX7nebsBkBqA2RHB7Usw==}
    dependencies:
      '@redis/bloom': 1.2.0(@redis/client@1.5.8)
      '@redis/client': 1.5.8
      '@redis/graph': 1.1.0(@redis/client@1.5.8)
      '@redis/json': 1.0.4(@redis/client@1.5.8)
      '@redis/search': 1.1.3(@redis/client@1.5.8)
      '@redis/time-series': 1.0.4(@redis/client@1.5.8)
    dev: false

  /shebang-command@2.0.0:
    resolution: {integrity: sha512-kHxr2zZpYtdmrN1qDjrrX/Z1rR1kG8Dx+gkpK1G4eXmvXswmcE1hTWBWYUzlraYw1/yZp6YuDY77YtvbN0dmDA==}
    engines: {node: '>=8'}
    dependencies:
      shebang-regex: 3.0.0
    dev: false

  /shebang-regex@3.0.0:
    resolution: {integrity: sha512-7++dFhtcx3353uBaq8DDR4NuxBetBzC7ZQOhmTQInHEd6bSrXdiEyzCvG07Z44UYdLShWUyXt5M/yhz8ekcb1A==}
    engines: {node: '>=8'}
    dev: false

  /strip-ansi@6.0.1:
    resolution: {integrity: sha512-Y38VPSHcqkFrCpFnQ9vuSXmquuv5oXOKpGeT6aGrr3o3Gc9AlVa6JBfUSOCnbxGGZF+/0ooI7KrPuUSztUdU5A==}
    engines: {node: '>=8'}
    dependencies:
      ansi-regex: 5.0.1
    dev: false

  /which@2.0.2:
    resolution: {integrity: sha512-BLI3Tl1TW3Pvl70l3yq3Y64i+awpwXqsGBYWkkqMtnbXgrMD+yj7rhW0kuEDxzJaYXGjEW5ogapKNMEKNMjibA==}
    engines: {node: '>= 8'}
    hasBin: true
    dependencies:
      isexe: 2.0.0
    dev: false

  /yallist@4.0.0:
    resolution: {integrity: sha512-3wdGidZyq5PB084XLES5TpOSRA3wjXAlIWMhum2kRcv/41Sn2emQ0dycQW4uZXLejwKvg6EsvbdlVL+FYEct7A==}
    dev: false

  /zod-prisma-types@2.7.9:
    resolution: {integrity: sha512-JgPN32d/Wm6/E61oHXek2jDT6VxBpKVPmLom7585SmdCyj+xb+OAg8O3G0BLU+gWNiC+Eyt3blo1S/8W9sIaxA==}
    hasBin: true
    dependencies:
      '@prisma/generator-helper': 5.2.0
      code-block-writer: 12.0.0
      lodash: 4.17.21
      zod: 3.21.1
    transitivePeerDependencies:
      - supports-color
    dev: false

  /zod@3.21.1:
    resolution: {integrity: sha512-+dTu2m6gmCbO9Ahm4ZBDapx2O6ZY9QSPXst2WXjcznPMwf2YNpn3RevLx4KkZp1OPW/ouFcoBtBzFz/LeY69oA==}
    dev: false
