lockfileVersion: '6.0'

settings:
  autoInstallPeers: true
  excludeLinksFromLockfile: false

dependencies:
  '@elysiajs/cors':
    specifier: ^0.7.0
    version: 0.7.1(elysia@0.7.4)
  '@elysiajs/jwt':
    specifier: ^0.7.0
    version: 0.7.0(elysia@0.7.4)
  '@elysiajs/static':
    specifier: ^0.6.0
    version: 0.6.0(elysia@0.7.4)
  '@elysiajs/trpc':
    specifier: ^0.7.0
    version: 0.7.0(elysia@0.7.4)
  '@elysiajs/websocket':
    specifier: ^0.2.8
    version: 0.2.8(elysia@0.7.4)
  '@prisma/client':
    specifier: ^5.1.1
    version: 5.1.1(prisma@5.1.1)
  '@trpc/server':
    specifier: ^10.38.3
    version: 10.38.5
  bullmq:
    specifier: ^4.8.0
    version: 4.12.0
  elysia:
    specifier: 0.7.4
    version: 0.7.4
  ioredis:
    specifier: ^5.3.2
    version: 5.3.2
  jose:
    specifier: ^4.14.4
    version: 4.14.4
  prisma-extension-pagination:
    specifier: ^0.4.2
    version: 0.4.2(@prisma/client@5.1.1)
  redis:
    specifier: ^4.6.7
    version: 4.6.7
  zod:
    specifier: 3.21.1
    version: 3.21.1
  zod-prisma-types:
    specifier: ^2.7.9
    version: 2.7.9

devDependencies:
  '@types/bull':
    specifier: ^4.10.0
    version: 4.10.0
  bun-types:
    specifier: ^0.7.3
    version: 0.7.3
  prisma:
    specifier: ^5.1.1
    version: 5.1.1

packages:

  /@elysiajs/cors@0.7.1(elysia@0.7.4):
    resolution: {integrity: sha512-PTbYHIcaxqjOM2K3jEXCAyAhgewt4VUpVHJoGc6EMH6I2CpPj4G+W0Qjd5wlP9+nNOVkwttnITzJvBDAXQOkXg==}
    peerDependencies:
      elysia: '>= 0.7.0'
    dependencies:
      elysia: 0.7.4
    dev: false

  /@elysiajs/jwt@0.7.0(elysia@0.7.4):
    resolution: {integrity: sha512-4CcW0AnpZF/r/7PyBhQS1Nlr4q/CGNBs5QYtfHgCYQZjZ/pR7XqKJIZs0bvNbxEdgPcRjr9JQx2crR6O2yEt4w==}
    peerDependencies:
      elysia: '>= 0.7.0'
    dependencies:
      elysia: 0.7.4
      jose: 4.14.4
    dev: false

  /@elysiajs/static@0.6.0(elysia@0.7.4):
    resolution: {integrity: sha512-06M0J3HXQiX3BivJIMbL3WNXzudzQNHIPlU0JBZo2/gp8dX8GGOZbjIhyF6j4legEQE86omTBRHt2dUxb4yZZg==}
    peerDependencies:
      elysia: '>= 0.5.12'
    dependencies:
      elysia: 0.7.4
    dev: false

  /@elysiajs/trpc@0.7.0(elysia@0.7.4):
    resolution: {integrity: sha512-XwKWMB0gJ3wr4Cek/i550y+96Yhi29m0Lfoi6km35prO2wfJiHD0U7PYgsajbxi16AhYtsnmNHyHT+vCwD4VQA==}
    peerDependencies:
      elysia: '>= 0.7.0'
    dependencies:
      elysia: 0.7.4
    dev: false

  /@elysiajs/websocket@0.2.8(elysia@0.7.4):
    resolution: {integrity: sha512-K9KLmYL1SYuAV353GvmK0V9DG5w7XTOGsa1H1dGB5BUTzvBaMvnwNeqnJQ3cjf9V1c0EjQds0Ty4LfUFvV45jw==}
    peerDependencies:
      elysia: '>= 0.2.2'
    dependencies:
      elysia: 0.7.4
      nanoid: 4.0.2
      raikiri: 0.0.0-beta.8
    dev: false

  /@ioredis/commands@1.2.0:
    resolution: {integrity: sha512-Sx1pU8EM64o2BrqNpEO1CNLtKQwyhuXuqyfH7oGKCk+1a33d2r5saW8zNwm3j6BTExtjrv2BxTgzzkMwts6vGg==}

  /@msgpackr-extract/msgpackr-extract-darwin-arm64@3.0.2:
    resolution: {integrity: sha512-9bfjwDxIDWmmOKusUcqdS4Rw+SETlp9Dy39Xui9BEGEk19dDwH0jhipwFzEff/pFg95NKymc6TOTbRKcWeRqyQ==}
    cpu: [arm64]
    os: [darwin]
    requiresBuild: true
    optional: true

  /@msgpackr-extract/msgpackr-extract-darwin-x64@3.0.2:
    resolution: {integrity: sha512-lwriRAHm1Yg4iDf23Oxm9n/t5Zpw1lVnxYU3HnJPTi2lJRkKTrps1KVgvL6m7WvmhYVt/FIsssWay+k45QHeuw==}
    cpu: [x64]
    os: [darwin]
    requiresBuild: true
    optional: true

  /@msgpackr-extract/msgpackr-extract-linux-arm64@3.0.2:
    resolution: {integrity: sha512-FU20Bo66/f7He9Fp9sP2zaJ1Q8L9uLPZQDub/WlUip78JlPeMbVL8546HbZfcW9LNciEXc8d+tThSJjSC+tmsg==}
    cpu: [arm64]
    os: [linux]
    requiresBuild: true
    optional: true

  /@msgpackr-extract/msgpackr-extract-linux-arm@3.0.2:
    resolution: {integrity: sha512-MOI9Dlfrpi2Cuc7i5dXdxPbFIgbDBGgKR5F2yWEa6FVEtSWncfVNKW5AKjImAQ6CZlBK9tympdsZJ2xThBiWWA==}
    cpu: [arm]
    os: [linux]
    requiresBuild: true
    optional: true

  /@msgpackr-extract/msgpackr-extract-linux-x64@3.0.2:
    resolution: {integrity: sha512-gsWNDCklNy7Ajk0vBBf9jEx04RUxuDQfBse918Ww+Qb9HCPoGzS+XJTLe96iN3BVK7grnLiYghP/M4L8VsaHeA==}
    cpu: [x64]
    os: [linux]
    requiresBuild: true
    optional: true

  /@msgpackr-extract/msgpackr-extract-win32-x64@3.0.2:
    resolution: {integrity: sha512-O+6Gs8UeDbyFpbSh2CPEz/UOrrdWPTBYNblZK5CxxLisYt4kGX3Sc+czffFonyjiGSq3jWLwJS/CCJc7tBr4sQ==}
    cpu: [x64]
    os: [win32]
    requiresBuild: true
    optional: true

  /@prisma/client@5.1.1(prisma@5.1.1):
    resolution: {integrity: sha512-fxcCeK5pMQGcgCqCrWsi+I2rpIbk0rAhdrN+ke7f34tIrgPwA68ensrpin+9+fZvuV2OtzHmuipwduSY6HswdA==}
    engines: {node: '>=16.13'}
    requiresBuild: true
    peerDependencies:
      prisma: '*'
    peerDependenciesMeta:
      prisma:
        optional: true
    dependencies:
      '@prisma/engines-version': 5.1.1-1.6a3747c37ff169c90047725a05a6ef02e32ac97e
      prisma: 5.1.1
    dev: false

  /@prisma/debug@5.2.0:
    resolution: {integrity: sha512-dOrNOA8B65l3dCp2r3gn5A5dbMXNbEixO3JAaMWiS2q03qMU3/R9oNv86H2c1i3GSwQglH5gjwpkA9olp/+h1A==}
    dependencies:
      '@types/debug': 4.1.8
      debug: 4.3.4
      strip-ansi: 6.0.1
    transitivePeerDependencies:
      - supports-color
    dev: false

  /@prisma/engines-version@5.1.1-1.6a3747c37ff169c90047725a05a6ef02e32ac97e:
    resolution: {integrity: sha512-owZqbY/wucbr65bXJ/ljrHPgQU5xXTSkmcE/JcbqE1kusuAXV/TLN3/exmz21SZ5rJ7WDkyk70J2G/n68iogbQ==}
    dev: false

  /@prisma/engines@5.1.1:
    resolution: {integrity: sha512-NV/4nVNWFZSJCCIA3HIFJbbDKO/NARc9ej0tX5S9k2EVbkrFJC4Xt9b0u4rNZWL4V+F5LAjvta8vzEUw0rw+HA==}
    requiresBuild: true

  /@prisma/generator-helper@5.2.0:
    resolution: {integrity: sha512-jju+nGe8IgwDhs412sx6PSk5efkuoBqHOJSqbRBb9Y/fMfeDRGLVdwia8Hj+PKmd/YXrqFgBd4NDeFxeCcVVqw==}
    dependencies:
      '@prisma/debug': 5.2.0
      '@types/cross-spawn': 6.0.2
      cross-spawn: 7.0.3
      kleur: 4.1.5
    transitivePeerDependencies:
      - supports-color
    dev: false

  /@redis/bloom@1.2.0(@redis/client@1.5.8):
    resolution: {integrity: sha512-HG2DFjYKbpNmVXsa0keLHp/3leGJz1mjh09f2RLGGLQZzSHpkmZWuwJbAvo3QcRY8p80m5+ZdXZdYOSBLlp7Cg==}
    peerDependencies:
      '@redis/client': ^1.0.0
    dependencies:
      '@redis/client': 1.5.8
    dev: false

  /@redis/client@1.5.8:
    resolution: {integrity: sha512-xzElwHIO6rBAqzPeVnCzgvrnBEcFL1P0w8P65VNLRkdVW8rOE58f52hdj0BDgmsdOm4f1EoXPZtH4Fh7M/qUpw==}
    engines: {node: '>=14'}
    dependencies:
      cluster-key-slot: 1.1.2
      generic-pool: 3.9.0
      yallist: 4.0.0
    dev: false

  /@redis/graph@1.1.0(@redis/client@1.5.8):
    resolution: {integrity: sha512-16yZWngxyXPd+MJxeSr0dqh2AIOi8j9yXKcKCwVaKDbH3HTuETpDVPcLujhFYVPtYrngSco31BUcSa9TH31Gqg==}
    peerDependencies:
      '@redis/client': ^1.0.0
    dependencies:
      '@redis/client': 1.5.8
    dev: false

  /@redis/json@1.0.4(@redis/client@1.5.8):
    resolution: {integrity: sha512-LUZE2Gdrhg0Rx7AN+cZkb1e6HjoSKaeeW8rYnt89Tly13GBI5eP4CwDVr+MY8BAYfCg4/N15OUrtLoona9uSgw==}
    peerDependencies:
      '@redis/client': ^1.0.0
    dependencies:
      '@redis/client': 1.5.8
    dev: false

  /@redis/search@1.1.3(@redis/client@1.5.8):
    resolution: {integrity: sha512-4Dg1JjvCevdiCBTZqjhKkGoC5/BcB7k9j99kdMnaXFXg8x4eyOIVg9487CMv7/BUVkFLZCaIh8ead9mU15DNng==}
    peerDependencies:
      '@redis/client': ^1.0.0
    dependencies:
      '@redis/client': 1.5.8
    dev: false

  /@redis/time-series@1.0.4(@redis/client@1.5.8):
    resolution: {integrity: sha512-ThUIgo2U/g7cCuZavucQTQzA9g9JbDDY2f64u3AbAoz/8vE2lt2U37LamDUVChhaDA3IRT9R6VvJwqnUfTJzng==}
    peerDependencies:
      '@redis/client': ^1.0.0
    dependencies:
      '@redis/client': 1.5.8
    dev: false

  /@trpc/server@10.38.5:
    resolution: {integrity: sha512-J0d2Y3Gpt2bMohOshPBfuzDqVrPaE3OKEDtJYgTmLk5t1pZy3kXHQep4rP2LEIr+ELbmkelhcrSvvFLA+4/w/Q==}
    dev: false

  /@types/bull@4.10.0:
    resolution: {integrity: sha512-RkYW8K2H3J76HT6twmHYbzJ0GtLDDotpLP9ah9gtiA7zfF6peBH1l5fEiK0oeIZ3/642M7Jcb9sPmor8Vf4w6g==}
    deprecated: This is a stub types definition. bull provides its own type definitions, so you do not need this installed.
    dependencies:
      bull: 4.11.3
    transitivePeerDependencies:
      - supports-color
    dev: true

  /@types/cross-spawn@6.0.2:
    resolution: {integrity: sha512-KuwNhp3eza+Rhu8IFI5HUXRP0LIhqH5cAjubUvGXXthh4YYBuP2ntwEX+Cz8GJoZUHlKo247wPWOfA9LYEq4cw==}
    dependencies:
      '@types/node': 20.5.6
    dev: false

  /@types/debug@4.1.8:
    resolution: {integrity: sha512-/vPO1EPOs306Cvhwv7KfVfYvOJqA/S/AXjaHQiJboCZzcNDb+TIJFN9/2C9DZ//ijSKWioNyUxD792QmDJ+HKQ==}
    dependencies:
      '@types/ms': 0.7.31
    dev: false

  /@types/ms@0.7.31:
    resolution: {integrity: sha512-iiUgKzV9AuaEkZqkOLDIvlQiL6ltuZd9tGcW3gwpnX8JbuiuhFlEGmmFXEXkN50Cvq7Os88IY2v0dkDqXYWVgA==}
    dev: false

  /@types/node@20.5.6:
    resolution: {integrity: sha512-Gi5wRGPbbyOTX+4Y2iULQ27oUPrefaB0PxGQJnfyWN3kvEDGM3mIB5M/gQLmitZf7A9FmLeaqxD3L1CXpm3VKQ==}
    dev: false

  /ansi-regex@5.0.1:
    resolution: {integrity: sha512-quJQXlTSUGL2LH9SUXo8VwsY4soanhgo6LNSm84E1LBcE8s3O0wpdiRzyR9z/ZZJMlMWv37qOOb9pdJlMUEKFQ==}
    engines: {node: '>=8'}
    dev: false

  /balanced-match@1.0.2:
    resolution: {integrity: sha512-3oSeUO0TMV67hN1AmbXsK4yaqU7tjiHlbxRDZOpH0KW9+CeX4bRAaX0Anxt0tx2MrpRpWwQaPwIlISEJhYU5Pw==}
    dev: false

  /brace-expansion@2.0.1:
    resolution: {integrity: sha512-XnAIvQ8eM+kC6aULx6wuQiwVsnzsi9d3WxzV3FpWTGA19F621kwdbsAcFKXgKUHZWsy+mY6iL1sHTxWEFCytDA==}
    dependencies:
      balanced-match: 1.0.2
    dev: false

  /bull@4.11.3:
    resolution: {integrity: sha512-DhS0XtiAuejkAY08iGOdDK35eex/yGNoezlWqGJTu9FqWFF/oBjUhpsusE9SXiI4culyDbOoFs+l3ar0VXhFqQ==}
    engines: {node: '>=12'}
    dependencies:
      cron-parser: 4.9.0
      get-port: 5.1.1
      ioredis: 5.3.2
      lodash: 4.17.21
      msgpackr: 1.9.9
      semver: 7.5.4
      uuid: 8.3.2
    transitivePeerDependencies:
      - supports-color
    dev: true

  /bullmq@4.12.0:
    resolution: {integrity: sha512-eAN7WnlR6MszikwQXE16oGMUWngfbYG0SqkxiwUmVm4muR3KYg+etIRZE3vRKNXWKw0WxJZTA+3oBfDMcCBh+w==}
    dependencies:
      cron-parser: 4.9.0
      glob: 8.1.0
      ioredis: 5.3.2
      lodash: 4.17.21
      msgpackr: 1.9.9
      node-abort-controller: 3.1.1
      semver: 7.5.4
      tslib: 2.6.2
      uuid: 9.0.1
    transitivePeerDependencies:
      - supports-color
    dev: false

  /bun-types@0.7.3:
    resolution: {integrity: sha512-kssLD5mDLoawmLZFgQRRq0Wy+dca/os6TZ0MHWyFVoVAEwSrpAxmNCZ1K1GUelfhlDaL2FikRxeF9GkATdzXZg==}
    dev: true

  /cluster-key-slot@1.1.2:
    resolution: {integrity: sha512-RMr0FhtfXemyinomL4hrWcYJxmX6deFdCxpJzhDttxgO1+bcCnkk+9drydLVDmAMG7NE6aN/fl4F7ucU/90gAA==}
    engines: {node: '>=0.10.0'}

  /code-block-writer@12.0.0:
    resolution: {integrity: sha512-q4dMFMlXtKR3XNBHyMHt/3pwYNA69EDk00lloMOaaUMKPUXBw6lpXtbu3MMVG6/uOihGnRDOlkyqsONEUj60+w==}
    dev: false

  /cookie-signature@1.2.1:
    resolution: {integrity: sha512-78KWk9T26NhzXtuL26cIJ8/qNHANyJ/ZYrmEXFzUmhZdjpBv+DlWlOANRTGBt48YcyslsLrj0bMLFTmXvLRCOw==}
    engines: {node: '>=6.6.0'}
    dev: false

  /cookie@0.5.0:
    resolution: {integrity: sha512-YZ3GUyn/o8gfKJlnlX7g7xq4gyO6OSuhGPKaaGssGB2qgDUS0gPgtTvoyZLTt9Ab6dC4hfc9dV5arkvc/OCmrw==}
    engines: {node: '>= 0.6'}
    dev: false

  /cron-parser@4.9.0:
    resolution: {integrity: sha512-p0SaNjrHOnQeR8/VnfGbmg9te2kfyYSQ7Sc/j/6DtPL3JQvKxmjO9TSjNFpujqV3vEYYBvNNvXSxzyksBWAx1Q==}
    engines: {node: '>=12.0.0'}
    dependencies:
      luxon: 3.4.3

  /cross-spawn@7.0.3:
    resolution: {integrity: sha512-iRDPJKUPVEND7dHPO8rkbOnPpyDygcDFtWjpeWNCgy8WP2rXcxXL8TskReQl6OrB2G7+UJrags1q15Fudc7G6w==}
    engines: {node: '>= 8'}
    dependencies:
      path-key: 3.1.1
      shebang-command: 2.0.0
      which: 2.0.2
    dev: false

  /debug@4.3.4:
    resolution: {integrity: sha512-PRWFHuSU3eDtQJPvnNY7Jcket1j0t5OuOsFzPPzsekD52Zl8qUfFIPEiswXqIvHWGVHOgX+7G/vCNNhehwxfkQ==}
    engines: {node: '>=6.0'}
    peerDependencies:
      supports-color: '*'
    peerDependenciesMeta:
      supports-color:
        optional: true
    dependencies:
      ms: 2.1.2

  /denque@2.1.0:
    resolution: {integrity: sha512-HVQE3AAb/pxF8fQAoiqpvg9i3evqug3hoiwakOyZAwJm+6vZehbkYXZ0l4JxS+I3QxM97v5aaRNhj8v5oBhekw==}
    engines: {node: '>=0.10'}

  /elysia@0.7.4:
    resolution: {integrity: sha512-zgyv8L9/jFiZafaRsg2FMfnwJsuevFPJzJ1Yr92c77GOmRgSX+w6pimMFMtM/Xd334e9J6EGgi+wI0inNK84jA==}
    peerDependencies:
      '@sinclair/typebox': '>= 0.28.10'
      openapi-types: '>= 12.0.0'
      typescript: '>= 5.0.0'
    peerDependenciesMeta:
      '@sinclair/typebox':
        optional: true
      openapi-types:
        optional: true
      typescript:
        optional: true
    dependencies:
      cookie: 0.5.0
      cookie-signature: 1.2.1
      eventemitter3: 5.0.1
      fast-querystring: 1.1.2
      memoirist: 0.1.4
    dev: false

  /eventemitter3@5.0.1:
    resolution: {integrity: sha512-GWkBvjiSZK87ELrYOSESUYeVIc9mvLLf/nXalMOS5dYrgZq9o5OVkbZAVM06CVxYsCwH9BDZFPlQTlPA1j4ahA==}
    dev: false

  /fast-decode-uri-component@1.0.1:
    resolution: {integrity: sha512-WKgKWg5eUxvRZGwW8FvfbaH7AXSh2cL+3j5fMGzUMCxWBJ3dV3a7Wz8y2f/uQ0e3B6WmodD3oS54jTQ9HVTIIg==}
    dev: false

  /fast-querystring@1.1.2:
    resolution: {integrity: sha512-g6KuKWmFXc0fID8WWH0jit4g0AGBoJhCkJMb1RmbsSEUNvQ+ZC8D6CUZ+GtF8nMzSPXnhiePyyqqipzNNEnHjg==}
    dependencies:
      fast-decode-uri-component: 1.0.1
    dev: false

  /fs.realpath@1.0.0:
    resolution: {integrity: sha512-OO0pH2lK6a0hZnAdau5ItzHPI6pUlvI7jMVnxUQRtw4owF2wk8lOSabtGDCTP4Ggrg2MbGnWO9X8K1t4+fGMDw==}
    dev: false

  /generic-pool@3.9.0:
    resolution: {integrity: sha512-hymDOu5B53XvN4QT9dBmZxPX4CWhBPPLguTZ9MMFeFa/Kg0xWVfylOVNlJji/E7yTZWFd/q9GO5TxDLq156D7g==}
    engines: {node: '>= 4'}
    dev: false

  /get-port@5.1.1:
    resolution: {integrity: sha512-g/Q1aTSDOxFpchXC4i8ZWvxA1lnPqx/JHqcpIw0/LX9T8x/GBbi6YnlN5nhaKIFkT8oFsscUKgDJYxfwfS6QsQ==}
    engines: {node: '>=8'}
    dev: true

  /glob@8.1.0:
    resolution: {integrity: sha512-r8hpEjiQEYlF2QU0df3dS+nxxSIreXQS1qRhMJM0Q5NDdR386C7jb7Hwwod8Fgiuex+k0GFjgft18yvxm5XoCQ==}
    engines: {node: '>=12'}
    dependencies:
      fs.realpath: 1.0.0
      inflight: 1.0.6
      inherits: 2.0.4
      minimatch: 5.1.6
      once: 1.4.0
    dev: false

  /inflight@1.0.6:
    resolution: {integrity: sha512-k92I/b08q4wvFscXCLvqfsHCrjrF7yiXsQuIVvVE7N82W3+aqpzuUdBbfhWcy/FZR3/4IgflMgKLOsvPDrGCJA==}
    dependencies:
      once: 1.4.0
      wrappy: 1.0.2
    dev: false

  /inherits@2.0.4:
    resolution: {integrity: sha512-k/vGaX4/Yla3WzyMCvTQOXYeIHvqOKtnqBduzTHpzpQZzAskKMhZ2K+EnBiSM9zGSoIFeMpXKxa4dYeZIQqewQ==}
    dev: false

  /ioredis@5.3.2:
    resolution: {integrity: sha512-1DKMMzlIHM02eBBVOFQ1+AolGjs6+xEcM4PDL7NqOS6szq7H9jSaEkIUH6/a5Hl241LzW6JLSiAbNvTQjUupUA==}
    engines: {node: '>=12.22.0'}
    dependencies:
      '@ioredis/commands': 1.2.0
      cluster-key-slot: 1.1.2
      debug: 4.3.4
      denque: 2.1.0
      lodash.defaults: 4.2.0
      lodash.isarguments: 3.1.0
      redis-errors: 1.2.0
      redis-parser: 3.0.0
      standard-as-callback: 2.1.0
    transitivePeerDependencies:
      - supports-color

  /isexe@2.0.0:
    resolution: {integrity: sha512-RHxMLp9lnKHGHRng9QFhRCMbYAcVpn69smSGcq3f36xjgVVWThj4qqLbTLlq7Ssj8B+fIQ1EuCEGI2lKsyQeIw==}
    dev: false

  /jose@4.14.4:
    resolution: {integrity: sha512-j8GhLiKmUAh+dsFXlX1aJCbt5KMibuKb+d7j1JaOJG6s2UjX1PQlW+OKB/sD4a/5ZYF4RcmYmLSndOoU3Lt/3g==}
    dev: false

  /kleur@4.1.5:
    resolution: {integrity: sha512-o+NO+8WrRiQEE4/7nwRJhN1HWpVmJm511pBHUxPLtp0BUISzlBplORYSmTclCnJvQq2tKu/sgl3xVpkc7ZWuQQ==}
    engines: {node: '>=6'}
    dev: false

  /lodash.defaults@4.2.0:
    resolution: {integrity: sha512-qjxPLHd3r5DnsdGacqOMU6pb/avJzdh9tFX2ymgoZE27BmjXrNy/y4LoaiTeAb+O3gL8AfpJGtqfX/ae2leYYQ==}

  /lodash.isarguments@3.1.0:
    resolution: {integrity: sha512-chi4NHZlZqZD18a0imDHnZPrDeBbTtVN7GXMwuGdRH9qotxAjYs3aVLKc7zNOG9eddR5Ksd8rvFEBc9SsggPpg==}

  /lodash@4.17.21:
    resolution: {integrity: sha512-v2kDEe57lecTulaDIuNTPy3Ry4gLGJ6Z1O3vE1krgXZNrsQ+LFTGHVxVjcXPs17LhbZVGedAJv8XZ1tvj5FvSg==}

  /lru-cache@6.0.0:
    resolution: {integrity: sha512-Jo6dJ04CmSjuznwJSS3pUeWmd/H0ffTlkXXgwZi+eq1UCmqQwCh+eLsYOYCwY991i2Fah4h1BEMCx4qThGbsiA==}
    engines: {node: '>=10'}
    dependencies:
      yallist: 4.0.0

  /luxon@3.4.3:
    resolution: {integrity: sha512-tFWBiv3h7z+T/tDaoxA8rqTxy1CHV6gHS//QdaH4pulbq/JuBSGgQspQQqcgnwdAx6pNI7cmvz5Sv/addzHmUg==}
    engines: {node: '>=12'}

  /memoirist@0.1.4:
    resolution: {integrity: sha512-D6GbPSqO2nUVOmm7VZjJc5tC60pkOVUPzLwkKl1vCiYP+2b1cG8N9q1O3P0JmNM68u8vsgefPbxRUCSGxSXD+g==}
    dev: false

  /minimatch@5.1.6:
    resolution: {integrity: sha512-lKwV/1brpG6mBUFHtb7NUmtABCb2WZZmm2wNiOA5hAb8VdCS4B3dtMWyvcoViccwAW/COERjXLt0zP1zXUN26g==}
    engines: {node: '>=10'}
    dependencies:
      brace-expansion: 2.0.1
    dev: false

  /ms@2.1.2:
    resolution: {integrity: sha512-sGkPx+VjMtmA6MX27oA4FBFELFCZZ4S4XqeGOXCv68tT+jb3vk/RyaKWP0PTKyWtmLSM0b+adUTEvbs1PEaH2w==}

  /msgpackr-extract@3.0.2:
    resolution: {integrity: sha512-SdzXp4kD/Qf8agZ9+iTu6eql0m3kWm1A2y1hkpTeVNENutaB0BwHlSvAIaMxwntmRUAUjon2V4L8Z/njd0Ct8A==}
    hasBin: true
    requiresBuild: true
    dependencies:
      node-gyp-build-optional-packages: 5.0.7
    optionalDependencies:
      '@msgpackr-extract/msgpackr-extract-darwin-arm64': 3.0.2
      '@msgpackr-extract/msgpackr-extract-darwin-x64': 3.0.2
      '@msgpackr-extract/msgpackr-extract-linux-arm': 3.0.2
      '@msgpackr-extract/msgpackr-extract-linux-arm64': 3.0.2
      '@msgpackr-extract/msgpackr-extract-linux-x64': 3.0.2
      '@msgpackr-extract/msgpackr-extract-win32-x64': 3.0.2
    optional: true

  /msgpackr@1.9.9:
    resolution: {integrity: sha512-sbn6mioS2w0lq1O6PpGtsv6Gy8roWM+o3o4Sqjd6DudrL/nOugY+KyJUimoWzHnf9OkO0T6broHFnYE/R05t9A==}
    optionalDependencies:
      msgpackr-extract: 3.0.2

  /nanoid@4.0.2:
    resolution: {integrity: sha512-7ZtY5KTCNheRGfEFxnedV5zFiORN1+Y1N6zvPTnHQd8ENUvfaDBeuJDZb2bN/oXwXxu3qkTXDzy57W5vAmDTBw==}
    engines: {node: ^14 || ^16 || >=18}
    hasBin: true
    dev: false

  /node-abort-controller@3.1.1:
    resolution: {integrity: sha512-AGK2yQKIjRuqnc6VkX2Xj5d+QW8xZ87pa1UK6yA6ouUyuxfHuMP6umE5QK7UmTeOAymo+Zx1Fxiuw9rVx8taHQ==}
    dev: false

  /node-gyp-build-optional-packages@5.0.7:
    resolution: {integrity: sha512-YlCCc6Wffkx0kHkmam79GKvDQ6x+QZkMjFGrIMxgFNILFvGSbCp2fCBC55pGTT9gVaz8Na5CLmxt/urtzRv36w==}
    hasBin: true
    requiresBuild: true
    optional: true

  /once@1.4.0:
    resolution: {integrity: sha512-lNaJgI+2Q5URQBkccEKHTQOPaXdUxnZZElQTZY0MFUAuaEqe1E+Nyvgdz/aIyNi6Z9MzO5dv1H8n58/GELp3+w==}
    dependencies:
      wrappy: 1.0.2
    dev: false

  /path-key@3.1.1:
    resolution: {integrity: sha512-ojmeN0qd+y0jszEtoY48r0Peq5dwMEkIlCOu6Q5f41lfkswXuKtYrhgoTpLnyIcHm24Uhqx+5Tqm2InSwLhE6Q==}
    engines: {node: '>=8'}
    dev: false

  /prisma-extension-pagination@0.4.2(@prisma/client@5.1.1):
    resolution: {integrity: sha512-8sNDhz17CN4riQxAyu0VPg/CmXR5vaNWz2oiqlBwuPFbZ4fO+ZkxRyfS9y6+tCSUsPbiVCZ4q0GcaLUJH5dQ9Q==}
    peerDependencies:
      '@prisma/client': ^4.9.0 || ^5.0.0
    dependencies:
      '@prisma/client': 5.1.1(prisma@5.1.1)
    dev: false

  /prisma@5.1.1:
    resolution: {integrity: sha512-WJFG/U7sMmcc6TjJTTifTfpI6Wjoh55xl4AzopVwAdyK68L9/ogNo8QQ2cxuUjJf/Wa82z/uhyh3wMzvRIBphg==}
    engines: {node: '>=16.13'}
    hasBin: true
    requiresBuild: true
    dependencies:
      '@prisma/engines': 5.1.1

  /raikiri@0.0.0-beta.8:
    resolution: {integrity: sha512-cH/yfvkiGkN8IBB2MkRHikpPurTnd2sMkQ/xtGpXrp3O76P4ppcWPb+86mJaBDzKaclLnSX+9NnT79D7ifH4/w==}
    dev: false

  /redis-errors@1.2.0:
    resolution: {integrity: sha512-1qny3OExCf0UvUV/5wpYKf2YwPcOqXzkwKKSmKHiE6ZMQs5heeE/c8eXK+PNllPvmjgAbfnsbpkGZWy8cBpn9w==}
    engines: {node: '>=4'}

  /redis-parser@3.0.0:
    resolution: {integrity: sha512-DJnGAeenTdpMEH6uAJRK/uiyEIH9WVsUmoLwzudwGJUwZPp80PDBWPHXSAGNPwNvIXAbe7MSUB1zQFugFml66A==}
    engines: {node: '>=4'}
    dependencies:
      redis-errors: 1.2.0

  /redis@4.6.7:
    resolution: {integrity: sha512-KrkuNJNpCwRm5vFJh0tteMxW8SaUzkm5fBH7eL5hd/D0fAkzvapxbfGPP/r+4JAXdQuX7nebsBkBqA2RHB7Usw==}
    dependencies:
      '@redis/bloom': 1.2.0(@redis/client@1.5.8)
      '@redis/client': 1.5.8
      '@redis/graph': 1.1.0(@redis/client@1.5.8)
      '@redis/json': 1.0.4(@redis/client@1.5.8)
      '@redis/search': 1.1.3(@redis/client@1.5.8)
      '@redis/time-series': 1.0.4(@redis/client@1.5.8)
    dev: false

  /semver@7.5.4:
    resolution: {integrity: sha512-1bCSESV6Pv+i21Hvpxp3Dx+pSD8lIPt8uVjRrxAUt/nbswYc+tK6Y2btiULjd4+fnq15PX+nqQDC7Oft7WkwcA==}
    engines: {node: '>=10'}
    hasBin: true
    dependencies:
      lru-cache: 6.0.0

  /shebang-command@2.0.0:
    resolution: {integrity: sha512-kHxr2zZpYtdmrN1qDjrrX/Z1rR1kG8Dx+gkpK1G4eXmvXswmcE1hTWBWYUzlraYw1/yZp6YuDY77YtvbN0dmDA==}
    engines: {node: '>=8'}
    dependencies:
      shebang-regex: 3.0.0
    dev: false

  /shebang-regex@3.0.0:
    resolution: {integrity: sha512-7++dFhtcx3353uBaq8DDR4NuxBetBzC7ZQOhmTQInHEd6bSrXdiEyzCvG07Z44UYdLShWUyXt5M/yhz8ekcb1A==}
    engines: {node: '>=8'}
    dev: false

  /standard-as-callback@2.1.0:
    resolution: {integrity: sha512-qoRRSyROncaz1z0mvYqIE4lCd9p2R90i6GxW3uZv5ucSu8tU7B5HXUP1gG8pVZsYNVaXjk8ClXHPttLyxAL48A==}

  /strip-ansi@6.0.1:
    resolution: {integrity: sha512-Y38VPSHcqkFrCpFnQ9vuSXmquuv5oXOKpGeT6aGrr3o3Gc9AlVa6JBfUSOCnbxGGZF+/0ooI7KrPuUSztUdU5A==}
    engines: {node: '>=8'}
    dependencies:
      ansi-regex: 5.0.1
    dev: false

  /tslib@2.6.2:
    resolution: {integrity: sha512-AEYxH93jGFPn/a2iVAwW87VuUIkR1FVUKB77NwMF7nBTDkDrrT/Hpt/IrCJ0QXhW27jTBDcf5ZY7w6RiqTMw2Q==}
    dev: false

  /uuid@8.3.2:
    resolution: {integrity: sha512-+NYs2QeMWy+GWFOEm9xnn6HCDp0l7QBD7ml8zLUmJ+93Q5NF0NocErnwkTkXVFNiX3/fpC6afS8Dhb/gz7R7eg==}
    hasBin: true
    dev: true

  /uuid@9.0.1:
    resolution: {integrity: sha512-b+1eJOlsR9K8HJpow9Ok3fiWOWSIcIzXodvv0rQjVoOVNpWMpxf1wZNpt4y9h10odCNrqnYp1OBzRktckBe3sA==}
    hasBin: true
    dev: false

  /which@2.0.2:
    resolution: {integrity: sha512-BLI3Tl1TW3Pvl70l3yq3Y64i+awpwXqsGBYWkkqMtnbXgrMD+yj7rhW0kuEDxzJaYXGjEW5ogapKNMEKNMjibA==}
    engines: {node: '>= 8'}
    hasBin: true
    dependencies:
      isexe: 2.0.0
    dev: false

  /wrappy@1.0.2:
    resolution: {integrity: sha512-l4Sp/DRseor9wL6EvV2+TuQn63dMkPjZ/sp9XkghTEbV9KlPS1xUsZ3u7/IQO4wxtcFB4bgpQPRcR3QCvezPcQ==}
    dev: false

  /yallist@4.0.0:
    resolution: {integrity: sha512-3wdGidZyq5PB084XLES5TpOSRA3wjXAlIWMhum2kRcv/41Sn2emQ0dycQW4uZXLejwKvg6EsvbdlVL+FYEct7A==}

  /zod-prisma-types@2.7.9:
    resolution: {integrity: sha512-JgPN32d/Wm6/E61oHXek2jDT6VxBpKVPmLom7585SmdCyj+xb+OAg8O3G0BLU+gWNiC+Eyt3blo1S/8W9sIaxA==}
    hasBin: true
    dependencies:
      '@prisma/generator-helper': 5.2.0
      code-block-writer: 12.0.0
      lodash: 4.17.21
      zod: 3.21.1
    transitivePeerDependencies:
      - supports-color
    dev: false

  /zod@3.21.1:
    resolution: {integrity: sha512-+dTu2m6gmCbO9Ahm4ZBDapx2O6ZY9QSPXst2WXjcznPMwf2YNpn3RevLx4KkZp1OPW/ouFcoBtBzFz/LeY69oA==}
    dev: false
